
Microsoft Visual Studio Solution File, Format Version 12.00
# Visual Studio 14
VisualStudioVersion = 14.0.25420.1
MinimumVisualStudioVersion = 10.0.40219.1
Project("{2150E333-8FDC-42A3-9474-1A3956D46DE8}") = "Repositories", "Repositories", "{4EC84D87-CE66-425A-8F3E-3790E54A2894}"
EndProject
Project("{2150E333-8FDC-42A3-9474-1A3956D46DE8}") = "Models", "Models", "{505FC3E8-19E0-4676-96B5-D1049CCB03B1}"
EndProject
Project("{FAE04EC0-301F-11D3-BF4B-00C04F79EFBC}") = "OCRConsole", "OCRConsole\OCRConsole.csproj", "{CC931A8D-CEAB-46DA-A9FC-496DC1615430}"
EndProject
Global
	GlobalSection(SubversionScc) = preSolution
		Svn-Managed = True
		Manager = AnkhSVN - Subversion Support for Visual Studio
	EndGlobalSection
	GlobalSection(SolutionConfigurationPlatforms) = preSolution
		Debug|Any CPU = Debug|Any CPU
		QA|Any CPU = QA|Any CPU
		Release|Any CPU = Release|Any CPU
	EndGlobalSection
	GlobalSection(ProjectConfigurationPlatforms) = postSolution
		{CC931A8D-CEAB-46DA-A9FC-496DC1615430}.Debug|Any CPU.ActiveCfg = Debug|Any CPU
		{CC931A8D-CEAB-46DA-A9FC-496DC1615430}.Debug|Any CPU.Build.0 = Debug|Any CPU
		{CC931A8D-CEAB-46DA-A9FC-496DC1615430}.QA|Any CPU.ActiveCfg = Release|Any CPU
		{CC931A8D-CEAB-46DA-A9FC-496DC1615430}.QA|Any CPU.Build.0 = Release|Any CPU
		{CC931A8D-CEAB-46DA-A9FC-496DC1615430}.Release|Any CPU.ActiveCfg = Release|Any CPU
		{CC931A8D-CEAB-46DA-A9FC-496DC1615430}.Release|Any CPU.Build.0 = Release|Any CPU
	EndGlobalSection
	GlobalSection(SolutionProperties) = preSolution
		HideSolutionNode = FALSE
	EndGlobalSection
EndGlobal
